
Microsoft Visual Studio Solution File, Format Version 12.00
# Visual Studio Version 17
VisualStudioVersion = 17.0.31903.59
MinimumVisualStudioVersion = 10.0.40219.1
Project("{FAE04EC0-301F-11D3-BF4B-00C04F79EFBC}") = "JWTTokenAPI", "JWTTokenAPI\JWTTokenAPI.csproj", "{B035F035-E7E6-4162-A626-2A0C89195677}"
EndProject
Project("{FAE04EC0-301F-11D3-BF4B-00C04F79EFBC}") = "TestConsole.cs", "TestConsole.cs\TestConsole.cs.csproj", "{F1FB1169-4E7A-4289-A29E-16A2B6F48DED}"
EndProject
Global
	GlobalSection(SolutionConfigurationPlatforms) = preSolution
		Debug|Any CPU = Debug|Any CPU
		Release|Any CPU = Release|Any CPU
	EndGlobalSection
	GlobalSection(ProjectConfigurationPlatforms) = postSolution
		{B035F035-E7E6-4162-A626-2A0C89195677}.Debug|Any CPU.ActiveCfg = Debug|Any CPU
		{B035F035-E7E6-4162-A626-2A0C89195677}.Debug|Any CPU.Build.0 = Debug|Any CPU
		{B035F035-E7E6-4162-A626-2A0C89195677}.Release|Any CPU.ActiveCfg = Release|Any CPU
		{B035F035-E7E6-4162-A626-2A0C89195677}.Release|Any CPU.Build.0 = Release|Any CPU
		{F1FB1169-4E7A-4289-A29E-16A2B6F48DED}.Debug|Any CPU.ActiveCfg = Debug|Any CPU
		{F1FB1169-4E7A-4289-A29E-16A2B6F48DED}.Debug|Any CPU.Build.0 = Debug|Any CPU
		{F1FB1169-4E7A-4289-A29E-16A2B6F48DED}.Release|Any CPU.ActiveCfg = Release|Any CPU
		{F1FB1169-4E7A-4289-A29E-16A2B6F48DED}.Release|Any CPU.Build.0 = Release|Any CPU
	EndGlobalSection
	GlobalSection(SolutionProperties) = preSolution
		HideSolutionNode = FALSE
	EndGlobalSection
EndGlobal
